
Microsoft Visual Studio Solution File, Format Version 12.00
# Visual Studio Version 16
VisualStudioVersion = 16.0.31205.134
MinimumVisualStudioVersion = 10.0.40219.1
Project("{9A19103F-16F7-4668-BE54-9A1E7A4F7556}") = "Microservice_A", "Microservice_A\Microservice_A.csproj", "{7769DEA7-1D59-4B4C-B1BB-008B63FFFF1C}"
EndProject
Project("{9A19103F-16F7-4668-BE54-9A1E7A4F7556}") = "Microservice_B", "Microservice_B\Microservice_B.csproj", "{BCED30DD-95DA-4B88-9402-3A840260BEE8}"
EndProject
Project("{9A19103F-16F7-4668-BE54-9A1E7A4F7556}") = "Microservice_C", "Microservice_C\Microservice_C.csproj", "{89423C79-DD5A-490C-890F-EA1DE283F708}"
EndProject
Global
	GlobalSection(SolutionConfigurationPlatforms) = preSolution
		Debug|Any CPU = Debug|Any CPU
		Release|Any CPU = Release|Any CPU
	EndGlobalSection
	GlobalSection(ProjectConfigurationPlatforms) = postSolution
		{7769DEA7-1D59-4B4C-B1BB-008B63FFFF1C}.Debug|Any CPU.ActiveCfg = Debug|Any CPU
		{7769DEA7-1D59-4B4C-B1BB-008B63FFFF1C}.Debug|Any CPU.Build.0 = Debug|Any CPU
		{7769DEA7-1D59-4B4C-B1BB-008B63FFFF1C}.Release|Any CPU.ActiveCfg = Release|Any CPU
		{7769DEA7-1D59-4B4C-B1BB-008B63FFFF1C}.Release|Any CPU.Build.0 = Release|Any CPU
		{BCED30DD-95DA-4B88-9402-3A840260BEE8}.Debug|Any CPU.ActiveCfg = Debug|Any CPU
		{BCED30DD-95DA-4B88-9402-3A840260BEE8}.Debug|Any CPU.Build.0 = Debug|Any CPU
		{BCED30DD-95DA-4B88-9402-3A840260BEE8}.Release|Any CPU.ActiveCfg = Release|Any CPU
		{BCED30DD-95DA-4B88-9402-3A840260BEE8}.Release|Any CPU.Build.0 = Release|Any CPU
		{89423C79-DD5A-490C-890F-EA1DE283F708}.Debug|Any CPU.ActiveCfg = Debug|Any CPU
		{89423C79-DD5A-490C-890F-EA1DE283F708}.Debug|Any CPU.Build.0 = Debug|Any CPU
		{89423C79-DD5A-490C-890F-EA1DE283F708}.Release|Any CPU.ActiveCfg = Release|Any CPU
		{89423C79-DD5A-490C-890F-EA1DE283F708}.Release|Any CPU.Build.0 = Release|Any CPU
	EndGlobalSection
	GlobalSection(SolutionProperties) = preSolution
		HideSolutionNode = FALSE
	EndGlobalSection
	GlobalSection(ExtensibilityGlobals) = postSolution
		SolutionGuid = {6B389DD5-4DDB-43FA-817F-E553E8A4CFC1}
	EndGlobalSection
EndGlobal
